
Microsoft Visual Studio Solution File, Format Version 12.00
# Visual Studio Version 17
VisualStudioVersion = 17.5.002.0
MinimumVisualStudioVersion = 10.0.40219.1
Project("{9A19103F-16F7-4668-BE54-9A1E7A4F7556}") = "GutierrezFStudentDatabaseProject", "GutierrezFStudentDatabaseProject.csproj", "{26DB3F80-40FD-4A21-8E43-BA5634FB1B5D}"
EndProject
Global
	GlobalSection(SolutionConfigurationPlatforms) = preSolution
		Debug|Any CPU = Debug|Any CPU
		Release|Any CPU = Release|Any CPU
	EndGlobalSection
	GlobalSection(ProjectConfigurationPlatforms) = postSolution
		{26DB3F80-40FD-4A21-8E43-BA5634FB1B5D}.Debug|Any CPU.ActiveCfg = Debug|Any CPU
		{26DB3F80-40FD-4A21-8E43-BA5634FB1B5D}.Debug|Any CPU.Build.0 = Debug|Any CPU
		{26DB3F80-40FD-4A21-8E43-BA5634FB1B5D}.Release|Any CPU.ActiveCfg = Release|Any CPU
		{26DB3F80-40FD-4A21-8E43-BA5634FB1B5D}.Release|Any CPU.Build.0 = Release|Any CPU
	EndGlobalSection
	GlobalSection(SolutionProperties) = preSolution
		HideSolutionNode = FALSE
	EndGlobalSection
	GlobalSection(ExtensibilityGlobals) = postSolution
		SolutionGuid = {FF8A05C9-4933-4035-9E70-792663B736C5}
	EndGlobalSection
EndGlobal
